
Microsoft Visual Studio Solution File, Format Version 11.00
# Visual Studio 2010
Project("{FAE04EC0-301F-11D3-BF4B-00C04F79EFBC}") = "Assembly-CSharp", "Assembly-CSharp.csproj", "{DE8B229E-1F53-0DAC-074A-6E07AE14BACF}"
EndProject
Project("{FAE04EC0-301F-11D3-BF4B-00C04F79EFBC}") = "Assembly-CSharp-firstpass", "Assembly-CSharp-firstpass.csproj", "{4039CBAC-1395-328A-B22E-7D5A111C2424}"
EndProject
Project("{FAE04EC0-301F-11D3-BF4B-00C04F79EFBC}") = "Assembly-CSharp-Editor", "Assembly-CSharp-Editor.csproj", "{8E7CE95A-3B68-29DA-E19C-50F88A64D746}"
EndProject
Project("{FAE04EC0-301F-11D3-BF4B-00C04F79EFBC}") = "Assembly-CSharp-Editor-firstpass", "Assembly-CSharp-Editor-firstpass.csproj", "{F623BFDB-9A0E-A324-5830-79E6BD0AB8D1}"
EndProject
Global
	GlobalSection(SolutionConfigurationPlatforms) = preSolution
		Debug|Any CPU = Debug|Any CPU
		Release|Any CPU = Release|Any CPU
	EndGlobalSection
	GlobalSection(ProjectConfigurationPlatforms) = postSolution
		{DE8B229E-1F53-0DAC-074A-6E07AE14BACF}.Debug|Any CPU.ActiveCfg = Debug|Any CPU
		{DE8B229E-1F53-0DAC-074A-6E07AE14BACF}.Debug|Any CPU.Build.0 = Debug|Any CPU
		{DE8B229E-1F53-0DAC-074A-6E07AE14BACF}.Release|Any CPU.ActiveCfg = Release|Any CPU
		{DE8B229E-1F53-0DAC-074A-6E07AE14BACF}.Release|Any CPU.Build.0 = Release|Any CPU
		{4039CBAC-1395-328A-B22E-7D5A111C2424}.Debug|Any CPU.ActiveCfg = Debug|Any CPU
		{4039CBAC-1395-328A-B22E-7D5A111C2424}.Debug|Any CPU.Build.0 = Debug|Any CPU
		{4039CBAC-1395-328A-B22E-7D5A111C2424}.Release|Any CPU.ActiveCfg = Release|Any CPU
		{4039CBAC-1395-328A-B22E-7D5A111C2424}.Release|Any CPU.Build.0 = Release|Any CPU
		{8E7CE95A-3B68-29DA-E19C-50F88A64D746}.Debug|Any CPU.ActiveCfg = Debug|Any CPU
		{8E7CE95A-3B68-29DA-E19C-50F88A64D746}.Debug|Any CPU.Build.0 = Debug|Any CPU
		{8E7CE95A-3B68-29DA-E19C-50F88A64D746}.Release|Any CPU.ActiveCfg = Release|Any CPU
		{8E7CE95A-3B68-29DA-E19C-50F88A64D746}.Release|Any CPU.Build.0 = Release|Any CPU
		{F623BFDB-9A0E-A324-5830-79E6BD0AB8D1}.Debug|Any CPU.ActiveCfg = Debug|Any CPU
		{F623BFDB-9A0E-A324-5830-79E6BD0AB8D1}.Debug|Any CPU.Build.0 = Debug|Any CPU
		{F623BFDB-9A0E-A324-5830-79E6BD0AB8D1}.Release|Any CPU.ActiveCfg = Release|Any CPU
		{F623BFDB-9A0E-A324-5830-79E6BD0AB8D1}.Release|Any CPU.Build.0 = Release|Any CPU
	EndGlobalSection
	GlobalSection(SolutionProperties) = preSolution
		HideSolutionNode = FALSE
	EndGlobalSection
EndGlobal
